
Microsoft Visual Studio Solution File, Format Version 12.00
Project("{FAE04EC0-301F-11D3-BF4B-00C04F79EFBC}") = "Fiscamoto-JeefryZamata", "Fiscamoto-JeefryZamata\Fiscamoto-JeefryZamata.csproj", "{8618D078-7BDD-42AF-88A6-9A89C96B27B0}"
EndProject
Project("{FAE04EC0-301F-11D3-BF4B-00C04F79EFBC}") = "Fiscamoto-JeefryZamata.Domain", "Fiscamoto-JeefryZamata.Domain\Fiscamoto-JeefryZamata.Domain.csproj", "{051DCD63-1271-456A-8D50-ECE6FD9BEA4C}"
EndProject
Project("{FAE04EC0-301F-11D3-BF4B-00C04F79EFBC}") = "Fiscamoto-JeefryZamata.Application", "Fiscamoto-JeefryZamata.Application\Fiscamoto-JeefryZamata.Application.csproj", "{60C3A21F-3061-43BC-A068-40D192DC53D5}"
EndProject
Project("{FAE04EC0-301F-11D3-BF4B-00C04F79EFBC}") = "Fiscamoto-JeefryZamata.Infrastructure", "Fiscamoto-JeefryZamata.Infrastructure\Fiscamoto-JeefryZamata.Infrastructure.csproj", "{BA40153C-F572-4EFC-9043-09CB7C946E4B}"
EndProject
Global
	GlobalSection(SolutionConfigurationPlatforms) = preSolution
		Debug|Any CPU = Debug|Any CPU
		Debug|x64 = Debug|x64
		Debug|x86 = Debug|x86
		Release|Any CPU = Release|Any CPU
		Release|x64 = Release|x64
		Release|x86 = Release|x86
	EndGlobalSection
	GlobalSection(ProjectConfigurationPlatforms) = postSolution
		{8618D078-7BDD-42AF-88A6-9A89C96B27B0}.Debug|Any CPU.ActiveCfg = Debug|Any CPU
		{8618D078-7BDD-42AF-88A6-9A89C96B27B0}.Debug|Any CPU.Build.0 = Debug|Any CPU
		{8618D078-7BDD-42AF-88A6-9A89C96B27B0}.Debug|x64.ActiveCfg = Debug|Any CPU
		{8618D078-7BDD-42AF-88A6-9A89C96B27B0}.Debug|x64.Build.0 = Debug|Any CPU
		{8618D078-7BDD-42AF-88A6-9A89C96B27B0}.Debug|x86.ActiveCfg = Debug|Any CPU
		{8618D078-7BDD-42AF-88A6-9A89C96B27B0}.Debug|x86.Build.0 = Debug|Any CPU
		{8618D078-7BDD-42AF-88A6-9A89C96B27B0}.Release|Any CPU.ActiveCfg = Release|Any CPU
		{8618D078-7BDD-42AF-88A6-9A89C96B27B0}.Release|Any CPU.Build.0 = Release|Any CPU
		{8618D078-7BDD-42AF-88A6-9A89C96B27B0}.Release|x64.ActiveCfg = Release|Any CPU
		{8618D078-7BDD-42AF-88A6-9A89C96B27B0}.Release|x64.Build.0 = Release|Any CPU
		{8618D078-7BDD-42AF-88A6-9A89C96B27B0}.Release|x86.ActiveCfg = Release|Any CPU
		{8618D078-7BDD-42AF-88A6-9A89C96B27B0}.Release|x86.Build.0 = Release|Any CPU
		{051DCD63-1271-456A-8D50-ECE6FD9BEA4C}.Debug|Any CPU.ActiveCfg = Debug|Any CPU
		{051DCD63-1271-456A-8D50-ECE6FD9BEA4C}.Debug|Any CPU.Build.0 = Debug|Any CPU
		{051DCD63-1271-456A-8D50-ECE6FD9BEA4C}.Debug|x64.ActiveCfg = Debug|Any CPU
		{051DCD63-1271-456A-8D50-ECE6FD9BEA4C}.Debug|x64.Build.0 = Debug|Any CPU
		{051DCD63-1271-456A-8D50-ECE6FD9BEA4C}.Debug|x86.ActiveCfg = Debug|Any CPU
		{051DCD63-1271-456A-8D50-ECE6FD9BEA4C}.Debug|x86.Build.0 = Debug|Any CPU
		{051DCD63-1271-456A-8D50-ECE6FD9BEA4C}.Release|Any CPU.ActiveCfg = Release|Any CPU
		{051DCD63-1271-456A-8D50-ECE6FD9BEA4C}.Release|Any CPU.Build.0 = Release|Any CPU
		{051DCD63-1271-456A-8D50-ECE6FD9BEA4C}.Release|x64.ActiveCfg = Release|Any CPU
		{051DCD63-1271-456A-8D50-ECE6FD9BEA4C}.Release|x64.Build.0 = Release|Any CPU
		{051DCD63-1271-456A-8D50-ECE6FD9BEA4C}.Release|x86.ActiveCfg = Release|Any CPU
		{051DCD63-1271-456A-8D50-ECE6FD9BEA4C}.Release|x86.Build.0 = Release|Any CPU
		{60C3A21F-3061-43BC-A068-40D192DC53D5}.Debug|Any CPU.ActiveCfg = Debug|Any CPU
		{60C3A21F-3061-43BC-A068-40D192DC53D5}.Debug|Any CPU.Build.0 = Debug|Any CPU
		{60C3A21F-3061-43BC-A068-40D192DC53D5}.Debug|x64.ActiveCfg = Debug|Any CPU
		{60C3A21F-3061-43BC-A068-40D192DC53D5}.Debug|x64.Build.0 = Debug|Any CPU
		{60C3A21F-3061-43BC-A068-40D192DC53D5}.Debug|x86.ActiveCfg = Debug|Any CPU
		{60C3A21F-3061-43BC-A068-40D192DC53D5}.Debug|x86.Build.0 = Debug|Any CPU
		{60C3A21F-3061-43BC-A068-40D192DC53D5}.Release|Any CPU.ActiveCfg = Release|Any CPU
		{60C3A21F-3061-43BC-A068-40D192DC53D5}.Release|Any CPU.Build.0 = Release|Any CPU
		{60C3A21F-3061-43BC-A068-40D192DC53D5}.Release|x64.ActiveCfg = Release|Any CPU
		{60C3A21F-3061-43BC-A068-40D192DC53D5}.Release|x64.Build.0 = Release|Any CPU
		{60C3A21F-3061-43BC-A068-40D192DC53D5}.Release|x86.ActiveCfg = Release|Any CPU
		{60C3A21F-3061-43BC-A068-40D192DC53D5}.Release|x86.Build.0 = Release|Any CPU
		{BA40153C-F572-4EFC-9043-09CB7C946E4B}.Debug|Any CPU.ActiveCfg = Debug|Any CPU
		{BA40153C-F572-4EFC-9043-09CB7C946E4B}.Debug|Any CPU.Build.0 = Debug|Any CPU
		{BA40153C-F572-4EFC-9043-09CB7C946E4B}.Debug|x64.ActiveCfg = Debug|Any CPU
		{BA40153C-F572-4EFC-9043-09CB7C946E4B}.Debug|x64.Build.0 = Debug|Any CPU
		{BA40153C-F572-4EFC-9043-09CB7C946E4B}.Debug|x86.ActiveCfg = Debug|Any CPU
		{BA40153C-F572-4EFC-9043-09CB7C946E4B}.Debug|x86.Build.0 = Debug|Any CPU
		{BA40153C-F572-4EFC-9043-09CB7C946E4B}.Release|Any CPU.ActiveCfg = Release|Any CPU
		{BA40153C-F572-4EFC-9043-09CB7C946E4B}.Release|Any CPU.Build.0 = Release|Any CPU
		{BA40153C-F572-4EFC-9043-09CB7C946E4B}.Release|x64.ActiveCfg = Release|Any CPU
		{BA40153C-F572-4EFC-9043-09CB7C946E4B}.Release|x64.Build.0 = Release|Any CPU
		{BA40153C-F572-4EFC-9043-09CB7C946E4B}.Release|x86.ActiveCfg = Release|Any CPU
		{BA40153C-F572-4EFC-9043-09CB7C946E4B}.Release|x86.Build.0 = Release|Any CPU
	EndGlobalSection
	GlobalSection(SolutionProperties) = preSolution
		HideSolutionNode = FALSE
	EndGlobalSection
EndGlobal
